
Microsoft Visual Studio Solution File, Format Version 12.00
# Visual Studio 14
VisualStudioVersion = 14.0.25123.0
MinimumVisualStudioVersion = 10.0.40219.1
Project("{FAE04EC0-301F-11D3-BF4B-00C04F79EFBC}") = "RazBankingDroid", "RazBankingDroid\RazBankingDroid.csproj", "{A248D9BD-BE4E-4F1F-BAAF-D310756C5D16}"
EndProject
Project("{FAE04EC0-301F-11D3-BF4B-00C04F79EFBC}") = "RazBankingDroid.Tests", "RazBankingDroid.Tests\RazBankingDroid.Tests.csproj", "{1B287BFA-6620-4384-AD2C-9FB459461985}"
EndProject
Global
	GlobalSection(SolutionConfigurationPlatforms) = preSolution
		Debug|Any CPU = Debug|Any CPU
		Release|Any CPU = Release|Any CPU
	EndGlobalSection
	GlobalSection(ProjectConfigurationPlatforms) = postSolution
		{A248D9BD-BE4E-4F1F-BAAF-D310756C5D16}.Debug|Any CPU.ActiveCfg = Debug|Any CPU
		{A248D9BD-BE4E-4F1F-BAAF-D310756C5D16}.Debug|Any CPU.Build.0 = Debug|Any CPU
		{A248D9BD-BE4E-4F1F-BAAF-D310756C5D16}.Debug|Any CPU.Deploy.0 = Debug|Any CPU
		{A248D9BD-BE4E-4F1F-BAAF-D310756C5D16}.Release|Any CPU.ActiveCfg = Release|Any CPU
		{A248D9BD-BE4E-4F1F-BAAF-D310756C5D16}.Release|Any CPU.Build.0 = Release|Any CPU
		{A248D9BD-BE4E-4F1F-BAAF-D310756C5D16}.Release|Any CPU.Deploy.0 = Release|Any CPU
		{1B287BFA-6620-4384-AD2C-9FB459461985}.Debug|Any CPU.ActiveCfg = Debug|Any CPU
		{1B287BFA-6620-4384-AD2C-9FB459461985}.Debug|Any CPU.Build.0 = Debug|Any CPU
		{1B287BFA-6620-4384-AD2C-9FB459461985}.Release|Any CPU.ActiveCfg = Release|Any CPU
		{1B287BFA-6620-4384-AD2C-9FB459461985}.Release|Any CPU.Build.0 = Release|Any CPU
	EndGlobalSection
	GlobalSection(SolutionProperties) = preSolution
		HideSolutionNode = FALSE
	EndGlobalSection
EndGlobal
