
Microsoft Visual Studio Solution File, Format Version 12.00
# Visual Studio 14
VisualStudioVersion = 14.0.23107.0
MinimumVisualStudioVersion = 10.0.40219.1
Project("{FAE04EC0-301F-11D3-BF4B-00C04F79EFBC}") = "RazStorageSqlADF", "RazStorageSqlADF\RazStorageSqlADF.csproj", "{67886039-E181-4CDA-ADD8-18F643F1476F}"
EndProject
Project("{FAE04EC0-301F-11D3-BF4B-00C04F79EFBC}") = "RazStorageSQLADF.Tests", "RazStorageSQLADF.Tests\RazStorageSQLADF.Tests.csproj", "{F081189D-79E3-4903-8773-DA519EAE8AA0}"
EndProject
Project("{FAE04EC0-301F-11D3-BF4B-00C04F79EFBC}") = "RazStorageSqlADF.Console", "RazStorageSqlADF.Console\RazStorageSqlADF.Console.csproj", "{F429980E-7BF1-408E-BC60-C69D5C2EE7BF}"
EndProject
Global
	GlobalSection(SolutionConfigurationPlatforms) = preSolution
		Debug|Any CPU = Debug|Any CPU
		Release|Any CPU = Release|Any CPU
	EndGlobalSection
	GlobalSection(ProjectConfigurationPlatforms) = postSolution
		{67886039-E181-4CDA-ADD8-18F643F1476F}.Debug|Any CPU.ActiveCfg = Debug|Any CPU
		{67886039-E181-4CDA-ADD8-18F643F1476F}.Debug|Any CPU.Build.0 = Debug|Any CPU
		{67886039-E181-4CDA-ADD8-18F643F1476F}.Release|Any CPU.ActiveCfg = Release|Any CPU
		{67886039-E181-4CDA-ADD8-18F643F1476F}.Release|Any CPU.Build.0 = Release|Any CPU
		{F081189D-79E3-4903-8773-DA519EAE8AA0}.Debug|Any CPU.ActiveCfg = Debug|Any CPU
		{F081189D-79E3-4903-8773-DA519EAE8AA0}.Debug|Any CPU.Build.0 = Debug|Any CPU
		{F081189D-79E3-4903-8773-DA519EAE8AA0}.Release|Any CPU.ActiveCfg = Release|Any CPU
		{F081189D-79E3-4903-8773-DA519EAE8AA0}.Release|Any CPU.Build.0 = Release|Any CPU
		{F429980E-7BF1-408E-BC60-C69D5C2EE7BF}.Debug|Any CPU.ActiveCfg = Debug|Any CPU
		{F429980E-7BF1-408E-BC60-C69D5C2EE7BF}.Debug|Any CPU.Build.0 = Debug|Any CPU
		{F429980E-7BF1-408E-BC60-C69D5C2EE7BF}.Release|Any CPU.ActiveCfg = Release|Any CPU
		{F429980E-7BF1-408E-BC60-C69D5C2EE7BF}.Release|Any CPU.Build.0 = Release|Any CPU
	EndGlobalSection
	GlobalSection(SolutionProperties) = preSolution
		HideSolutionNode = FALSE
	EndGlobalSection
	GlobalSection(TeamFoundationVersionControl) = preSolution
		SccNumberOfProjects = 4
		SccEnterpriseProvider = {4CA58AB2-18FA-4F8D-95D4-32DDF27D184C}
		SccTeamFoundationServer = https://raztfs.visualstudio.com/defaultcollection
		SccLocalPath0 = .
		SccProjectUniqueName1 = RazStorageSqlADF\\RazStorageSqlADF.csproj
		SccProjectName1 = RazStorageSqlADF
		SccLocalPath1 = RazStorageSqlADF
		SccProjectUniqueName2 = RazStorageSQLADF.Tests\\RazStorageSQLADF.Tests.csproj
		SccProjectName2 = RazStorageSQLADF.Tests
		SccLocalPath2 = RazStorageSQLADF.Tests
		SccProjectUniqueName3 = RazStorageSqlADF.Console\\RazStorageSqlADF.Console.csproj
		SccProjectName3 = RazStorageSqlADF.Console
		SccLocalPath3 = RazStorageSqlADF.Console
	EndGlobalSection
EndGlobal
