
Microsoft Visual Studio Solution File, Format Version 12.00
# Visual Studio 14
VisualStudioVersion = 14.0.25123.0
MinimumVisualStudioVersion = 10.0.40219.1
Project("{FAE04EC0-301F-11D3-BF4B-00C04F79EFBC}") = "RazSpeakerAuthentication", "RazSpeakerAuthentication\RazSpeakerAuthentication.csproj", "{1F4C27FC-B078-41B1-B0AA-D0841D2414EE}"
EndProject
Project("{FAE04EC0-301F-11D3-BF4B-00C04F79EFBC}") = "RazSpeakerAuthentication.Tests", "RazSpeakerAuthentication.Tests\RazSpeakerAuthentication.Tests.csproj", "{4F4CB02B-A099-45F0-AE3D-23AC4BB0A145}"
EndProject
Global
	GlobalSection(SolutionConfigurationPlatforms) = preSolution
		Debug|Any CPU = Debug|Any CPU
		Release|Any CPU = Release|Any CPU
	EndGlobalSection
	GlobalSection(ProjectConfigurationPlatforms) = postSolution
		{1F4C27FC-B078-41B1-B0AA-D0841D2414EE}.Debug|Any CPU.ActiveCfg = Debug|Any CPU
		{1F4C27FC-B078-41B1-B0AA-D0841D2414EE}.Debug|Any CPU.Build.0 = Debug|Any CPU
		{1F4C27FC-B078-41B1-B0AA-D0841D2414EE}.Debug|Any CPU.Deploy.0 = Debug|Any CPU
		{1F4C27FC-B078-41B1-B0AA-D0841D2414EE}.Release|Any CPU.ActiveCfg = Release|Any CPU
		{1F4C27FC-B078-41B1-B0AA-D0841D2414EE}.Release|Any CPU.Build.0 = Release|Any CPU
		{1F4C27FC-B078-41B1-B0AA-D0841D2414EE}.Release|Any CPU.Deploy.0 = Release|Any CPU
		{4F4CB02B-A099-45F0-AE3D-23AC4BB0A145}.Debug|Any CPU.ActiveCfg = Debug|Any CPU
		{4F4CB02B-A099-45F0-AE3D-23AC4BB0A145}.Debug|Any CPU.Build.0 = Debug|Any CPU
		{4F4CB02B-A099-45F0-AE3D-23AC4BB0A145}.Release|Any CPU.ActiveCfg = Release|Any CPU
		{4F4CB02B-A099-45F0-AE3D-23AC4BB0A145}.Release|Any CPU.Build.0 = Release|Any CPU
	EndGlobalSection
	GlobalSection(SolutionProperties) = preSolution
		HideSolutionNode = FALSE
	EndGlobalSection
	GlobalSection(MonoDevelopProperties) = preSolution
		StartupItem = RazSpeakerAuthentication\RazSpeakerAuthentication.csproj
	EndGlobalSection
EndGlobal
